// !$*UTF8*$!
{
	archiveVersion = 1;
	classes = {
	};
	objectVersion = 46;
	objects = {

/* Begin PBXBuildFile section */
		DC8E1EBB16FB7788000C5EDD /* UIKit.framework in Frameworks */ = {isa = PBXBuildFile; fileRef = DC8E1EBA16FB7787000C5EDD /* UIKit.framework */; };
		DC8E1EBD16FB7788000C5EDD /* Foundation.framework in Frameworks */ = {isa = PBXBuildFile; fileRef = DC8E1EBC16FB7788000C5EDD /* Foundation.framework */; };
		DC8E1EBF16FB7788000C5EDD /* CoreGraphics.framework in Frameworks */ = {isa = PBXBuildFile; fileRef = DC8E1EBE16FB7788000C5EDD /* CoreGraphics.framework */; };
		DC8E1EC516FB7788000C5EDD /* InfoPlist.strings in Resources */ = {isa = PBXBuildFile; fileRef = DC8E1EC316FB7788000C5EDD /* InfoPlist.strings */; };
		DC8E1EC716FB7788000C5EDD /* main.m in Sources */ = {isa = PBXBuildFile; fileRef = DC8E1EC616FB7788000C5EDD /* main.m */; };
		DC8E1ECB16FB7788000C5EDD /* AppDelegate.m in Sources */ = {isa = PBXBuildFile; fileRef = DC8E1ECA16FB7788000C5EDD /* AppDelegate.m */; };
		DC8E1ECD16FB7788000C5EDD /* Default.png in Resources */ = {isa = PBXBuildFile; fileRef = DC8E1ECC16FB7788000C5EDD /* Default.png */; };
		DC8E1ECF16FB7788000C5EDD /* Default@2x.png in Resources */ = {isa = PBXBuildFile; fileRef = DC8E1ECE16FB7788000C5EDD /* Default@2x.png */; };
		DC8E1ED116FB7788000C5EDD /* Default-568h@2x.png in Resources */ = {isa = PBXBuildFile; fileRef = DC8E1ED016FB7788000C5EDD /* Default-568h@2x.png */; };
		DC8E1ED416FB7788000C5EDD /* MainStoryboard.storyboard in Resources */ = {isa = PBXBuildFile; fileRef = DC8E1ED216FB7788000C5EDD /* MainStoryboard.storyboard */; };
		DC8E1ED716FB7788000C5EDD /* FirstViewController.m in Sources */ = {isa = PBXBuildFile; fileRef = DC8E1ED616FB7788000C5EDD /* FirstViewController.m */; };
		DC8E1ED916FB7788000C5EDD /* first.png in Resources */ = {isa = PBXBuildFile; fileRef = DC8E1ED816FB7788000C5EDD /* first.png */; };
		DC8E1EDB16FB7788000C5EDD /* first@2x.png in Resources */ = {isa = PBXBuildFile; fileRef = DC8E1EDA16FB7788000C5EDD /* first@2x.png */; };
		DC8E1EDE16FB7788000C5EDD /* SecondViewController.m in Sources */ = {isa = PBXBuildFile; fileRef = DC8E1EDD16FB7788000C5EDD /* SecondViewController.m */; };
		DC8E1EE016FB7788000C5EDD /* second.png in Resources */ = {isa = PBXBuildFile; fileRef = DC8E1EDF16FB7788000C5EDD /* second.png */; };
		DC8E1EE216FB7788000C5EDD /* second@2x.png in Resources */ = {isa = PBXBuildFile; fileRef = DC8E1EE116FB7788000C5EDD /* second@2x.png */; };
		DC8E1EEA16FB7788000C5EDD /* SenTestingKit.framework in Frameworks */ = {isa = PBXBuildFile; fileRef = DC8E1EE916FB7788000C5EDD /* SenTestingKit.framework */; };
		DC8E1EEB16FB7788000C5EDD /* UIKit.framework in Frameworks */ = {isa = PBXBuildFile; fileRef = DC8E1EBA16FB7787000C5EDD /* UIKit.framework */; };
		DC8E1EEC16FB7788000C5EDD /* Foundation.framework in Frameworks */ = {isa = PBXBuildFile; fileRef = DC8E1EBC16FB7788000C5EDD /* Foundation.framework */; };
		DC8E1EF416FB7788000C5EDD /* InfoPlist.strings in Resources */ = {isa = PBXBuildFile; fileRef = DC8E1EF216FB7788000C5EDD /* InfoPlist.strings */; };
		DC8E1EF716FB7788000C5EDD /* iAutohomeTests.m in Sources */ = {isa = PBXBuildFile; fileRef = DC8E1EF616FB7788000C5EDD /* iAutohomeTests.m */; };
		DC8E1F0216FBA7B4000C5EDD /* NetworkConnection.m in Sources */ = {isa = PBXBuildFile; fileRef = DC8E1F0116FBA7B4000C5EDD /* NetworkConnection.m */; };
/* End PBXBuildFile section */

/* Begin PBXContainerItemProxy section */
		DC8E1EED16FB7788000C5EDD /* PBXContainerItemProxy */ = {
			isa = PBXContainerItemProxy;
			containerPortal = DC8E1EAF16FB7787000C5EDD /* Project object */;
			proxyType = 1;
			remoteGlobalIDString = DC8E1EB616FB7787000C5EDD;
			remoteInfo = iAutohome;
		};
/* End PBXContainerItemProxy section */

/* Begin PBXFileReference section */
		DC8E1EB716FB7787000C5EDD /* iAutohome.app */ = {isa = PBXFileReference; explicitFileType = wrapper.application; includeInIndex = 0; path = iAutohome.app; sourceTree = BUILT_PRODUCTS_DIR; };
		DC8E1EBA16FB7787000C5EDD /* UIKit.framework */ = {isa = PBXFileReference; lastKnownFileType = wrapper.framework; name = UIKit.framework; path = System/Library/Frameworks/UIKit.framework; sourceTree = SDKROOT; };
		DC8E1EBC16FB7788000C5EDD /* Foundation.framework */ = {isa = PBXFileReference; lastKnownFileType = wrapper.framework; name = Foundation.framework; path = System/Library/Frameworks/Foundation.framework; sourceTree = SDKROOT; };
		DC8E1EBE16FB7788000C5EDD /* CoreGraphics.framework */ = {isa = PBXFileReference; lastKnownFileType = wrapper.framework; name = CoreGraphics.framework; path = System/Library/Frameworks/CoreGraphics.framework; sourceTree = SDKROOT; };
		DC8E1EC216FB7788000C5EDD /* iAutohome-Info.plist */ = {isa = PBXFileReference; lastKnownFileType = text.plist.xml; path = "iAutohome-Info.plist"; sourceTree = "<group>"; };
		DC8E1EC416FB7788000C5EDD /* en */ = {isa = PBXFileReference; lastKnownFileType = text.plist.strings; name = en; path = en.lproj/InfoPlist.strings; sourceTree = "<group>"; };
		DC8E1EC616FB7788000C5EDD /* main.m */ = {isa = PBXFileReference; lastKnownFileType = sourcecode.c.objc; path = main.m; sourceTree = "<group>"; };
		DC8E1EC816FB7788000C5EDD /* iAutohome-Prefix.pch */ = {isa = PBXFileReference; lastKnownFileType = sourcecode.c.h; path = "iAutohome-Prefix.pch"; sourceTree = "<group>"; };
		DC8E1EC916FB7788000C5EDD /* AppDelegate.h */ = {isa = PBXFileReference; lastKnownFileType = sourcecode.c.h; path = AppDelegate.h; sourceTree = "<group>"; };
		DC8E1ECA16FB7788000C5EDD /* AppDelegate.m */ = {isa = PBXFileReference; lastKnownFileType = sourcecode.c.objc; path = AppDelegate.m; sourceTree = "<group>"; };
		DC8E1ECC16FB7788000C5EDD /* Default.png */ = {isa = PBXFileReference; lastKnownFileType = image.png; path = Default.png; sourceTree = "<group>"; };
		DC8E1ECE16FB7788000C5EDD /* Default@2x.png */ = {isa = PBXFileReference; lastKnownFileType = image.png; path = "Default@2x.png"; sourceTree = "<group>"; };
		DC8E1ED016FB7788000C5EDD /* Default-568h@2x.png */ = {isa = PBXFileReference; lastKnownFileType = image.png; path = "Default-568h@2x.png"; sourceTree = "<group>"; };
		DC8E1ED316FB7788000C5EDD /* en */ = {isa = PBXFileReference; lastKnownFileType = file.storyboard; name = en; path = en.lproj/MainStoryboard.storyboard; sourceTree = "<group>"; };
		DC8E1ED516FB7788000C5EDD /* FirstViewController.h */ = {isa = PBXFileReference; lastKnownFileType = sourcecode.c.h; path = FirstViewController.h; sourceTree = "<group>"; };
		DC8E1ED616FB7788000C5EDD /* FirstViewController.m */ = {isa = PBXFileReference; lastKnownFileType = sourcecode.c.objc; path = FirstViewController.m; sourceTree = "<group>"; };
		DC8E1ED816FB7788000C5EDD /* first.png */ = {isa = PBXFileReference; lastKnownFileType = image.png; path = first.png; sourceTree = "<group>"; };
		DC8E1EDA16FB7788000C5EDD /* first@2x.png */ = {isa = PBXFileReference; lastKnownFileType = image.png; path = "first@2x.png"; sourceTree = "<group>"; };
		DC8E1EDC16FB7788000C5EDD /* SecondViewController.h */ = {isa = PBXFileReference; lastKnownFileType = sourcecode.c.h; path = SecondViewController.h; sourceTree = "<group>"; };
		DC8E1EDD16FB7788000C5EDD /* SecondViewController.m */ = {isa = PBXFileReference; lastKnownFileType = sourcecode.c.objc; path = SecondViewController.m; sourceTree = "<group>"; };
		DC8E1EDF16FB7788000C5EDD /* second.png */ = {isa = PBXFileReference; lastKnownFileType = image.png; path = second.png; sourceTree = "<group>"; };
		DC8E1EE116FB7788000C5EDD /* second@2x.png */ = {isa = PBXFileReference; lastKnownFileType = image.png; path = "second@2x.png"; sourceTree = "<group>"; };
		DC8E1EE816FB7788000C5EDD /* iAutohomeTests.octest */ = {isa = PBXFileReference; explicitFileType = wrapper.cfbundle; includeInIndex = 0; path = iAutohomeTests.octest; sourceTree = BUILT_PRODUCTS_DIR; };
		DC8E1EE916FB7788000C5EDD /* SenTestingKit.framework */ = {isa = PBXFileReference; lastKnownFileType = wrapper.framework; name = SenTestingKit.framework; path = Library/Frameworks/SenTestingKit.framework; sourceTree = DEVELOPER_DIR; };
		DC8E1EF116FB7788000C5EDD /* iAutohomeTests-Info.plist */ = {isa = PBXFileReference; lastKnownFileType = text.plist.xml; path = "iAutohomeTests-Info.plist"; sourceTree = "<group>"; };
		DC8E1EF316FB7788000C5EDD /* en */ = {isa = PBXFileReference; lastKnownFileType = text.plist.strings; name = en; path = en.lproj/InfoPlist.strings; sourceTree = "<group>"; };
		DC8E1EF516FB7788000C5EDD /* iAutohomeTests.h */ = {isa = PBXFileReference; lastKnownFileType = sourcecode.c.h; path = iAutohomeTests.h; sourceTree = "<group>"; };
		DC8E1EF616FB7788000C5EDD /* iAutohomeTests.m */ = {isa = PBXFileReference; lastKnownFileType = sourcecode.c.objc; path = iAutohomeTests.m; sourceTree = "<group>"; };
		DC8E1F0016FBA7B4000C5EDD /* NetworkConnection.h */ = {isa = PBXFileReference; fileEncoding = 4; lastKnownFileType = sourcecode.c.h; path = NetworkConnection.h; sourceTree = "<group>"; };
		DC8E1F0116FBA7B4000C5EDD /* NetworkConnection.m */ = {isa = PBXFileReference; fileEncoding = 4; lastKnownFileType = sourcecode.c.objc; path = NetworkConnection.m; sourceTree = "<group>"; };
/* End PBXFileReference section */

/* Begin PBXFrameworksBuildPhase section */
		DC8E1EB416FB7787000C5EDD /* Frameworks */ = {
			isa = PBXFrameworksBuildPhase;
			buildActionMask = 2147483647;
			files = (
				DC8E1EBB16FB7788000C5EDD /* UIKit.framework in Frameworks */,
				DC8E1EBD16FB7788000C5EDD /* Foundation.framework in Frameworks */,
				DC8E1EBF16FB7788000C5EDD /* CoreGraphics.framework in Frameworks */,
			);
			runOnlyForDeploymentPostprocessing = 0;
		};
		DC8E1EE416FB7788000C5EDD /* Frameworks */ = {
			isa = PBXFrameworksBuildPhase;
			buildActionMask = 2147483647;
			files = (
				DC8E1EEA16FB7788000C5EDD /* SenTestingKit.framework in Frameworks */,
				DC8E1EEB16FB7788000C5EDD /* UIKit.framework in Frameworks */,
				DC8E1EEC16FB7788000C5EDD /* Foundation.framework in Frameworks */,
			);
			runOnlyForDeploymentPostprocessing = 0;
		};
/* End PBXFrameworksBuildPhase section */

/* Begin PBXGroup section */
		DC8E1EAE16FB7787000C5EDD = {
			isa = PBXGroup;
			children = (
				DC8E1EC016FB7788000C5EDD /* iAutohome */,
				DC8E1EEF16FB7788000C5EDD /* iAutohomeTests */,
				DC8E1EB916FB7787000C5EDD /* Frameworks */,
				DC8E1EB816FB7787000C5EDD /* Products */,
			);
			sourceTree = "<group>";
		};
		DC8E1EB816FB7787000C5EDD /* Products */ = {
			isa = PBXGroup;
			children = (
				DC8E1EB716FB7787000C5EDD /* iAutohome.app */,
				DC8E1EE816FB7788000C5EDD /* iAutohomeTests.octest */,
			);
			name = Products;
			sourceTree = "<group>";
		};
		DC8E1EB916FB7787000C5EDD /* Frameworks */ = {
			isa = PBXGroup;
			children = (
				DC8E1EBA16FB7787000C5EDD /* UIKit.framework */,
				DC8E1EBC16FB7788000C5EDD /* Foundation.framework */,
				DC8E1EBE16FB7788000C5EDD /* CoreGraphics.framework */,
				DC8E1EE916FB7788000C5EDD /* SenTestingKit.framework */,
			);
			name = Frameworks;
			sourceTree = "<group>";
		};
		DC8E1EC016FB7788000C5EDD /* iAutohome */ = {
			isa = PBXGroup;
			children = (
				DC8E1EC916FB7788000C5EDD /* AppDelegate.h */,
				DC8E1ECA16FB7788000C5EDD /* AppDelegate.m */,
				DC8E1ED216FB7788000C5EDD /* MainStoryboard.storyboard */,
				DC8E1ED516FB7788000C5EDD /* FirstViewController.h */,
				DC8E1ED616FB7788000C5EDD /* FirstViewController.m */,
				DC8E1F0016FBA7B4000C5EDD /* NetworkConnection.h */,
				DC8E1F0116FBA7B4000C5EDD /* NetworkConnection.m */,
				DC8E1ED816FB7788000C5EDD /* first.png */,
				DC8E1EDA16FB7788000C5EDD /* first@2x.png */,
				DC8E1EDC16FB7788000C5EDD /* SecondViewController.h */,
				DC8E1EDD16FB7788000C5EDD /* SecondViewController.m */,
				DC8E1EDF16FB7788000C5EDD /* second.png */,
				DC8E1EE116FB7788000C5EDD /* second@2x.png */,
				DC8E1EC116FB7788000C5EDD /* Supporting Files */,
			);
			path = iAutohome;
			sourceTree = "<group>";
		};
		DC8E1EC116FB7788000C5EDD /* Supporting Files */ = {
			isa = PBXGroup;
			children = (
				DC8E1EC216FB7788000C5EDD /* iAutohome-Info.plist */,
				DC8E1EC316FB7788000C5EDD /* InfoPlist.strings */,
				DC8E1EC616FB7788000C5EDD /* main.m */,
				DC8E1EC816FB7788000C5EDD /* iAutohome-Prefix.pch */,
				DC8E1ECC16FB7788000C5EDD /* Default.png */,
				DC8E1ECE16FB7788000C5EDD /* Default@2x.png */,
				DC8E1ED016FB7788000C5EDD /* Default-568h@2x.png */,
			);
			name = "Supporting Files";
			sourceTree = "<group>";
		};
		DC8E1EEF16FB7788000C5EDD /* iAutohomeTests */ = {
			isa = PBXGroup;
			children = (
				DC8E1EF516FB7788000C5EDD /* iAutohomeTests.h */,
				DC8E1EF616FB7788000C5EDD /* iAutohomeTests.m */,
				DC8E1EF016FB7788000C5EDD /* Supporting Files */,
			);
			path = iAutohomeTests;
			sourceTree = "<group>";
		};
		DC8E1EF016FB7788000C5EDD /* Supporting Files */ = {
			isa = PBXGroup;
			children = (
				DC8E1EF116FB7788000C5EDD /* iAutohomeTests-Info.plist */,
				DC8E1EF216FB7788000C5EDD /* InfoPlist.strings */,
			);
			name = "Supporting Files";
			sourceTree = "<group>";
		};
/* End PBXGroup section */

/* Begin PBXNativeTarget section */
		DC8E1EB616FB7787000C5EDD /* iAutohome */ = {
			isa = PBXNativeTarget;
			buildConfigurationList = DC8E1EFA16FB7788000C5EDD /* Build configuration list for PBXNativeTarget "iAutohome" */;
			buildPhases = (
				DC8E1EB316FB7787000C5EDD /* Sources */,
				DC8E1EB416FB7787000C5EDD /* Frameworks */,
				DC8E1EB516FB7787000C5EDD /* Resources */,
			);
			buildRules = (
			);
			dependencies = (
			);
			name = iAutohome;
			productName = iAutohome;
			productReference = DC8E1EB716FB7787000C5EDD /* iAutohome.app */;
			productType = "com.apple.product-type.application";
		};
		DC8E1EE716FB7788000C5EDD /* iAutohomeTests */ = {
			isa = PBXNativeTarget;
			buildConfigurationList = DC8E1EFD16FB7788000C5EDD /* Build configuration list for PBXNativeTarget "iAutohomeTests" */;
			buildPhases = (
				DC8E1EE316FB7788000C5EDD /* Sources */,
				DC8E1EE416FB7788000C5EDD /* Frameworks */,
				DC8E1EE516FB7788000C5EDD /* Resources */,
				DC8E1EE616FB7788000C5EDD /* ShellScript */,
			);
			buildRules = (
			);
			dependencies = (
				DC8E1EEE16FB7788000C5EDD /* PBXTargetDependency */,
			);
			name = iAutohomeTests;
			productName = iAutohomeTests;
			productReference = DC8E1EE816FB7788000C5EDD /* iAutohomeTests.octest */;
			productType = "com.apple.product-type.bundle";
		};
/* End PBXNativeTarget section */

/* Begin PBXProject section */
		DC8E1EAF16FB7787000C5EDD /* Project object */ = {
			isa = PBXProject;
			attributes = {
				LastUpgradeCheck = 0460;
				ORGANIZATIONNAME = "Filip Sandborg-Olsen";
			};
			buildConfigurationList = DC8E1EB216FB7787000C5EDD /* Build configuration list for PBXProject "iAutohome" */;
			compatibilityVersion = "Xcode 3.2";
			developmentRegion = English;
			hasScannedForEncodings = 0;
			knownRegions = (
				en,
			);
			mainGroup = DC8E1EAE16FB7787000C5EDD;
			productRefGroup = DC8E1EB816FB7787000C5EDD /* Products */;
			projectDirPath = "";
			projectRoot = "";
			targets = (
				DC8E1EB616FB7787000C5EDD /* iAutohome */,
				DC8E1EE716FB7788000C5EDD /* iAutohomeTests */,
			);
		};
/* End PBXProject section */

/* Begin PBXResourcesBuildPhase section */
		DC8E1EB516FB7787000C5EDD /* Resources */ = {
			isa = PBXResourcesBuildPhase;
			buildActionMask = 2147483647;
			files = (
				DC8E1EC516FB7788000C5EDD /* InfoPlist.strings in Resources */,
				DC8E1ECD16FB7788000C5EDD /* Default.png in Resources */,
				DC8E1ECF16FB7788000C5EDD /* Default@2x.png in Resources */,
				DC8E1ED116FB7788000C5EDD /* Default-568h@2x.png in Resources */,
				DC8E1ED416FB7788000C5EDD /* MainStoryboard.storyboard in Resources */,
				DC8E1ED916FB7788000C5EDD /* first.png in Resources */,
				DC8E1EDB16FB7788000C5EDD /* first@2x.png in Resources */,
				DC8E1EE016FB7788000C5EDD /* second.png in Resources */,
				DC8E1EE216FB7788000C5EDD /* second@2x.png in Resources */,
			);
			runOnlyForDeploymentPostprocessing = 0;
		};
		DC8E1EE516FB7788000C5EDD /* Resources */ = {
			isa = PBXResourcesBuildPhase;
			buildActionMask = 2147483647;
			files = (
				DC8E1EF416FB7788000C5EDD /* InfoPlist.strings in Resources */,
			);
			runOnlyForDeploymentPostprocessing = 0;
		};
/* End PBXResourcesBuildPhase section */

/* Begin PBXShellScriptBuildPhase section */
		DC8E1EE616FB7788000C5EDD /* ShellScript */ = {
			isa = PBXShellScriptBuildPhase;
			buildActionMask = 2147483647;
			files = (
			);
			inputPaths = (
			);
			outputPaths = (
			);
			runOnlyForDeploymentPostprocessing = 0;
			shellPath = /bin/sh;
			shellScript = "# Run the unit tests in this test bundle.\n\"${SYSTEM_DEVELOPER_DIR}/Tools/RunUnitTests\"\n";
		};
/* End PBXShellScriptBuildPhase section */

/* Begin PBXSourcesBuildPhase section */
		DC8E1EB316FB7787000C5EDD /* Sources */ = {
			isa = PBXSourcesBuildPhase;
			buildActionMask = 2147483647;
			files = (
				DC8E1EC716FB7788000C5EDD /* main.m in Sources */,
				DC8E1ECB16FB7788000C5EDD /* AppDelegate.m in Sources */,
				DC8E1ED716FB7788000C5EDD /* FirstViewController.m in Sources */,
				DC8E1EDE16FB7788000C5EDD /* SecondViewController.m in Sources */,
				DC8E1F0216FBA7B4000C5EDD /* NetworkConnection.m in Sources */,
			);
			runOnlyForDeploymentPostprocessing = 0;
		};
		DC8E1EE316FB7788000C5EDD /* Sources */ = {
			isa = PBXSourcesBuildPhase;
			buildActionMask = 2147483647;
			files = (
				DC8E1EF716FB7788000C5EDD /* iAutohomeTests.m in Sources */,
			);
			runOnlyForDeploymentPostprocessing = 0;
		};
/* End PBXSourcesBuildPhase section */

/* Begin PBXTargetDependency section */
		DC8E1EEE16FB7788000C5EDD /* PBXTargetDependency */ = {
			isa = PBXTargetDependency;
			target = DC8E1EB616FB7787000C5EDD /* iAutohome */;
			targetProxy = DC8E1EED16FB7788000C5EDD /* PBXContainerItemProxy */;
		};
/* End PBXTargetDependency section */

/* Begin PBXVariantGroup section */
		DC8E1EC316FB7788000C5EDD /* InfoPlist.strings */ = {
			isa = PBXVariantGroup;
			children = (
				DC8E1EC416FB7788000C5EDD /* en */,
			);
			name = InfoPlist.strings;
			sourceTree = "<group>";
		};
		DC8E1ED216FB7788000C5EDD /* MainStoryboard.storyboard */ = {
			isa = PBXVariantGroup;
			children = (
				DC8E1ED316FB7788000C5EDD /* en */,
			);
			name = MainStoryboard.storyboard;
			sourceTree = "<group>";
		};
		DC8E1EF216FB7788000C5EDD /* InfoPlist.strings */ = {
			isa = PBXVariantGroup;
			children = (
				DC8E1EF316FB7788000C5EDD /* en */,
			);
			name = InfoPlist.strings;
			sourceTree = "<group>";
		};
/* End PBXVariantGroup section */

/* Begin XCBuildConfiguration section */
		DC8E1EF816FB7788000C5EDD /* Debug */ = {
			isa = XCBuildConfiguration;
			buildSettings = {
				ALWAYS_SEARCH_USER_PATHS = NO;
				CLANG_CXX_LANGUAGE_STANDARD = "gnu++0x";
				CLANG_CXX_LIBRARY = "libc++";
				CLANG_ENABLE_OBJC_ARC = YES;
				CLANG_WARN_CONSTANT_CONVERSION = YES;
				CLANG_WARN_EMPTY_BODY = YES;
				CLANG_WARN_ENUM_CONVERSION = YES;
				CLANG_WARN_INT_CONVERSION = YES;
				CLANG_WARN__DUPLICATE_METHOD_MATCH = YES;
				CODE_SIGN_IDENTITY = "iPhone Developer: Filip Sandborg (43GR9NVB77)";
				"CODE_SIGN_IDENTITY[sdk=iphoneos*]" = "iPhone Developer: Filip Sandborg (43GR9NVB77)";
				COPY_PHASE_STRIP = NO;
				GCC_C_LANGUAGE_STANDARD = gnu99;
				GCC_DYNAMIC_NO_PIC = NO;
				GCC_OPTIMIZATION_LEVEL = 0;
				GCC_PREPROCESSOR_DEFINITIONS = (
					"DEBUG=1",
					"$(inherited)",
				);
				GCC_SYMBOLS_PRIVATE_EXTERN = NO;
				GCC_WARN_ABOUT_RETURN_TYPE = YES;
				GCC_WARN_UNINITIALIZED_AUTOS = YES;
				GCC_WARN_UNUSED_VARIABLE = YES;
				IPHONEOS_DEPLOYMENT_TARGET = 6.1;
				ONLY_ACTIVE_ARCH = YES;
				PROVISIONING_PROFILE = "";
				"PROVISIONING_PROFILE[sdk=iphoneos*]" = "";
				SDKROOT = iphoneos;
			};
			name = Debug;
		};
		DC8E1EF916FB7788000C5EDD /* Release */ = {
			isa = XCBuildConfiguration;
			buildSettings = {
				ALWAYS_SEARCH_USER_PATHS = NO;
				CLANG_CXX_LANGUAGE_STANDARD = "gnu++0x";
				CLANG_CXX_LIBRARY = "libc++";
				CLANG_ENABLE_OBJC_ARC = YES;
				CLANG_WARN_CONSTANT_CONVERSION = YES;
				CLANG_WARN_EMPTY_BODY = YES;
				CLANG_WARN_ENUM_CONVERSION = YES;
				CLANG_WARN_INT_CONVERSION = YES;
				CLANG_WARN__DUPLICATE_METHOD_MATCH = YES;
				CODE_SIGN_IDENTITY = "iPhone Developer: Filip Sandborg (43GR9NVB77)";
				"CODE_SIGN_IDENTITY[sdk=iphoneos*]" = "iPhone Developer: Filip Sandborg (43GR9NVB77)";
				COPY_PHASE_STRIP = YES;
				GCC_C_LANGUAGE_STANDARD = gnu99;
				GCC_WARN_ABOUT_RETURN_TYPE = YES;
				GCC_WARN_UNINITIALIZED_AUTOS = YES;
				GCC_WARN_UNUSED_VARIABLE = YES;
				IPHONEOS_DEPLOYMENT_TARGET = 6.1;
				OTHER_CFLAGS = "-DNS_BLOCK_ASSERTIONS=1";
				PROVISIONING_PROFILE = "";
				"PROVISIONING_PROFILE[sdk=iphoneos*]" = "";
				SDKROOT = iphoneos;
				VALIDATE_PRODUCT = YES;
			};
			name = Release;
		};
		DC8E1EFB16FB7788000C5EDD /* Debug */ = {
			isa = XCBuildConfiguration;
			buildSettings = {
				GCC_PRECOMPILE_PREFIX_HEADER = YES;
				GCC_PREFIX_HEADER = "iAutohome/iAutohome-Prefix.pch";
				INFOPLIST_FILE = "iAutohome/iAutohome-Info.plist";
				PRODUCT_NAME = "$(TARGET_NAME)";
				WRAPPER_EXTENSION = app;
			};
			name = Debug;
		};
		DC8E1EFC16FB7788000C5EDD /* Release */ = {
			isa = XCBuildConfiguration;
			buildSettings = {
				GCC_PRECOMPILE_PREFIX_HEADER = YES;
				GCC_PREFIX_HEADER = "iAutohome/iAutohome-Prefix.pch";
				INFOPLIST_FILE = "iAutohome/iAutohome-Info.plist";
				PRODUCT_NAME = "$(TARGET_NAME)";
				WRAPPER_EXTENSION = app;
			};
			name = Release;
		};
		DC8E1EFE16FB7788000C5EDD /* Debug */ = {
			isa = XCBuildConfiguration;
			buildSettings = {
				BUNDLE_LOADER = "$(BUILT_PRODUCTS_DIR)/iAutohome.app/iAutohome";
				FRAMEWORK_SEARCH_PATHS = (
					"\"$(SDKROOT)/Developer/Library/Frameworks\"",
					"\"$(DEVELOPER_LIBRARY_DIR)/Frameworks\"",
				);
				GCC_PRECOMPILE_PREFIX_HEADER = YES;
				GCC_PREFIX_HEADER = "iAutohome/iAutohome-Prefix.pch";
				INFOPLIST_FILE = "iAutohomeTests/iAutohomeTests-Info.plist";
				PRODUCT_NAME = "$(TARGET_NAME)";
				TEST_HOST = "$(BUNDLE_LOADER)";
				WRAPPER_EXTENSION = octest;
			};
			name = Debug;
		};
		DC8E1EFF16FB7788000C5EDD /* Release */ = {
			isa = XCBuildConfiguration;
			buildSettings = {
				BUNDLE_LOADER = "$(BUILT_PRODUCTS_DIR)/iAutohome.app/iAutohome";
				FRAMEWORK_SEARCH_PATHS = (
					"\"$(SDKROOT)/Developer/Library/Frameworks\"",
					"\"$(DEVELOPER_LIBRARY_DIR)/Frameworks\"",
				);
				GCC_PRECOMPILE_PREFIX_HEADER = YES;
				GCC_PREFIX_HEADER = "iAutohome/iAutohome-Prefix.pch";
				INFOPLIST_FILE = "iAutohomeTests/iAutohomeTests-Info.plist";
				PRODUCT_NAME = "$(TARGET_NAME)";
				TEST_HOST = "$(BUNDLE_LOADER)";
				WRAPPER_EXTENSION = octest;
			};
			name = Release;
		};
/* End XCBuildConfiguration section */

/* Begin XCConfigurationList section */
		DC8E1EB216FB7787000C5EDD /* Build configuration list for PBXProject "iAutohome" */ = {
			isa = XCConfigurationList;
			buildConfigurations = (
				DC8E1EF816FB7788000C5EDD /* Debug */,
				DC8E1EF916FB7788000C5EDD /* Release */,
			);
			defaultConfigurationIsVisible = 0;
			defaultConfigurationName = Release;
		};
		DC8E1EFA16FB7788000C5EDD /* Build configuration list for PBXNativeTarget "iAutohome" */ = {
			isa = XCConfigurationList;
			buildConfigurations = (
				DC8E1EFB16FB7788000C5EDD /* Debug */,
				DC8E1EFC16FB7788000C5EDD /* Release */,
			);
			defaultConfigurationIsVisible = 0;
		};
		DC8E1EFD16FB7788000C5EDD /* Build configuration list for PBXNativeTarget "iAutohomeTests" */ = {
			isa = XCConfigurationList;
			buildConfigurations = (
				DC8E1EFE16FB7788000C5EDD /* Debug */,
				DC8E1EFF16FB7788000C5EDD /* Release */,
			);
			defaultConfigurationIsVisible = 0;
		};
/* End XCConfigurationList section */
	};
	rootObject = DC8E1EAF16FB7787000C5EDD /* Project object */;
}
